// !$*UTF8*$!
{
	archiveVersion = 1;
	classes = {
	};
	objectVersion = 46;
	objects = {

/* Begin PBXBuildFile section */
		49C75D3C1A1AE946001E3156 /* Bolts.framework in Frameworks */ = {isa = PBXBuildFile; fileRef = 49C75D381A1AE946001E3156 /* Bolts.framework */; };
		49C75D3D1A1AE946001E3156 /* Parse.framework in Frameworks */ = {isa = PBXBuildFile; fileRef = 49C75D391A1AE946001E3156 /* Parse.framework */; };
		49C75D3E1A1AE946001E3156 /* ParseFacebookUtils.framework in Frameworks */ = {isa = PBXBuildFile; fileRef = 49C75D3A1A1AE946001E3156 /* ParseFacebookUtils.framework */; };
		49C75D3F1A1AE946001E3156 /* ParseUI.framework in Frameworks */ = {isa = PBXBuildFile; fileRef = 49C75D3B1A1AE946001E3156 /* ParseUI.framework */; };
		49C75D411A1AE952001E3156 /* AudioToolbox.framework in Frameworks */ = {isa = PBXBuildFile; fileRef = 49C75D401A1AE952001E3156 /* AudioToolbox.framework */; };
		49C75D431A1AE958001E3156 /* CFNetwork.framework in Frameworks */ = {isa = PBXBuildFile; fileRef = 49C75D421A1AE958001E3156 /* CFNetwork.framework */; };
		49C75D451A1AE95E001E3156 /* CoreGraphics.framework in Frameworks */ = {isa = PBXBuildFile; fileRef = 49C75D441A1AE95E001E3156 /* CoreGraphics.framework */; };
		49C75D471A1AE964001E3156 /* CoreLocation.framework in Frameworks */ = {isa = PBXBuildFile; fileRef = 49C75D461A1AE964001E3156 /* CoreLocation.framework */; };
		49C75D491A1AE96B001E3156 /* libz.dylib in Frameworks */ = {isa = PBXBuildFile; fileRef = 49C75D481A1AE96B001E3156 /* libz.dylib */; };
		49C75D4B1A1AE972001E3156 /* MobileCoreServices.framework in Frameworks */ = {isa = PBXBuildFile; fileRef = 49C75D4A1A1AE972001E3156 /* MobileCoreServices.framework */; };
		49C75D4D1A1AE978001E3156 /* QuartzCore.framework in Frameworks */ = {isa = PBXBuildFile; fileRef = 49C75D4C1A1AE978001E3156 /* QuartzCore.framework */; };
		49C75D4F1A1AE97C001E3156 /* Security.framework in Frameworks */ = {isa = PBXBuildFile; fileRef = 49C75D4E1A1AE97C001E3156 /* Security.framework */; };
		49C75D511A1AE982001E3156 /* StoreKit.framework in Frameworks */ = {isa = PBXBuildFile; fileRef = 49C75D501A1AE982001E3156 /* StoreKit.framework */; };
		49C75D531A1AE98C001E3156 /* SystemConfiguration.framework in Frameworks */ = {isa = PBXBuildFile; fileRef = 49C75D521A1AE98C001E3156 /* SystemConfiguration.framework */; };
		49C75D551A1AE990001E3156 /* Social.framework in Frameworks */ = {isa = PBXBuildFile; fileRef = 49C75D541A1AE990001E3156 /* Social.framework */; };
		49C75D571A1AE995001E3156 /* AdSupport.framework in Frameworks */ = {isa = PBXBuildFile; fileRef = 49C75D561A1AE995001E3156 /* AdSupport.framework */; };
		49C75D591A1AE999001E3156 /* Accounts.framework in Frameworks */ = {isa = PBXBuildFile; fileRef = 49C75D581A1AE999001E3156 /* Accounts.framework */; };
		49C75D5D1A1AF498001E3156 /* PhotoCollectionViewCell.m in Sources */ = {isa = PBXBuildFile; fileRef = 49C75D5C1A1AF498001E3156 /* PhotoCollectionViewCell.m */; };
		49C75D601A1B0D8D001E3156 /* EditProfileViewController.m in Sources */ = {isa = PBXBuildFile; fileRef = 49C75D5F1A1B0D8D001E3156 /* EditProfileViewController.m */; };
		49C75D631A1B152F001E3156 /* FollowListViewController.m in Sources */ = {isa = PBXBuildFile; fileRef = 49C75D621A1B152F001E3156 /* FollowListViewController.m */; };
		FBBB8B651A1ACE3B00E40A93 /* main.m in Sources */ = {isa = PBXBuildFile; fileRef = FBBB8B641A1ACE3B00E40A93 /* main.m */; };
		FBBB8B681A1ACE3B00E40A93 /* AppDelegate.m in Sources */ = {isa = PBXBuildFile; fileRef = FBBB8B671A1ACE3B00E40A93 /* AppDelegate.m */; };
		FBBB8B6B1A1ACE3B00E40A93 /* RootViewController.m in Sources */ = {isa = PBXBuildFile; fileRef = FBBB8B6A1A1ACE3B00E40A93 /* RootViewController.m */; };
		FBBB8B6E1A1ACE3B00E40A93 /* Main.storyboard in Resources */ = {isa = PBXBuildFile; fileRef = FBBB8B6C1A1ACE3B00E40A93 /* Main.storyboard */; };
		FBBB8B701A1ACE3B00E40A93 /* Images.xcassets in Resources */ = {isa = PBXBuildFile; fileRef = FBBB8B6F1A1ACE3B00E40A93 /* Images.xcassets */; };
		FBBB8B731A1ACE3B00E40A93 /* LaunchScreen.xib in Resources */ = {isa = PBXBuildFile; fileRef = FBBB8B711A1ACE3B00E40A93 /* LaunchScreen.xib */; };
		FBBB8B7F1A1ACE3B00E40A93 /* Popular_AppTests.m in Sources */ = {isa = PBXBuildFile; fileRef = FBBB8B7E1A1ACE3B00E40A93 /* Popular_AppTests.m */; };
		FBBB8B8A1A1AEE2100E40A93 /* RootDetailViewController.m in Sources */ = {isa = PBXBuildFile; fileRef = FBBB8B891A1AEE2100E40A93 /* RootDetailViewController.m */; };
		FBBB8B8D1A1AEE9300E40A93 /* SearchViewController.m in Sources */ = {isa = PBXBuildFile; fileRef = FBBB8B8C1A1AEE9300E40A93 /* SearchViewController.m */; };
		FBBB8B901A1AEEBE00E40A93 /* SearchDetailViewController.m in Sources */ = {isa = PBXBuildFile; fileRef = FBBB8B8F1A1AEEBE00E40A93 /* SearchDetailViewController.m */; };
		FBBB8B931A1AEEF000E40A93 /* CameraViewController.m in Sources */ = {isa = PBXBuildFile; fileRef = FBBB8B921A1AEEF000E40A93 /* CameraViewController.m */; };
		FBBB8B961A1AEF1700E40A93 /* ActivityViewController.m in Sources */ = {isa = PBXBuildFile; fileRef = FBBB8B951A1AEF1700E40A93 /* ActivityViewController.m */; };
		FBBB8B991A1AEF3B00E40A93 /* ProfileViewController.m in Sources */ = {isa = PBXBuildFile; fileRef = FBBB8B981A1AEF3B00E40A93 /* ProfileViewController.m */; };
		FBBB8B9B1A1AF7C100E40A93 /* Parse.framework in Frameworks */ = {isa = PBXBuildFile; fileRef = FBBB8B9A1A1AF7C100E40A93 /* Parse.framework */; };
		FBBB8B9D1A1AF91500E40A93 /* FacebookSDK.framework in Frameworks */ = {isa = PBXBuildFile; fileRef = FBBB8B9C1A1AF91500E40A93 /* FacebookSDK.framework */; };
/* End PBXBuildFile section */

/* Begin PBXContainerItemProxy section */
		FBBB8B791A1ACE3B00E40A93 /* PBXContainerItemProxy */ = {
			isa = PBXContainerItemProxy;
			containerPortal = FBBB8B571A1ACE3B00E40A93 /* Project object */;
			proxyType = 1;
			remoteGlobalIDString = FBBB8B5E1A1ACE3B00E40A93;
			remoteInfo = "Popular App";
		};
/* End PBXContainerItemProxy section */

/* Begin PBXFileReference section */
		49C75D381A1AE946001E3156 /* Bolts.framework */ = {isa = PBXFileReference; lastKnownFileType = wrapper.framework; path = Bolts.framework; sourceTree = "<group>"; };
		49C75D391A1AE946001E3156 /* Parse.framework */ = {isa = PBXFileReference; lastKnownFileType = wrapper.framework; path = Parse.framework; sourceTree = "<group>"; };
		49C75D3A1A1AE946001E3156 /* ParseFacebookUtils.framework */ = {isa = PBXFileReference; lastKnownFileType = wrapper.framework; path = ParseFacebookUtils.framework; sourceTree = "<group>"; };
		49C75D3B1A1AE946001E3156 /* ParseUI.framework */ = {isa = PBXFileReference; lastKnownFileType = wrapper.framework; path = ParseUI.framework; sourceTree = "<group>"; };
		49C75D401A1AE952001E3156 /* AudioToolbox.framework */ = {isa = PBXFileReference; lastKnownFileType = wrapper.framework; name = AudioToolbox.framework; path = System/Library/Frameworks/AudioToolbox.framework; sourceTree = SDKROOT; };
		49C75D421A1AE958001E3156 /* CFNetwork.framework */ = {isa = PBXFileReference; lastKnownFileType = wrapper.framework; name = CFNetwork.framework; path = System/Library/Frameworks/CFNetwork.framework; sourceTree = SDKROOT; };
		49C75D441A1AE95E001E3156 /* CoreGraphics.framework */ = {isa = PBXFileReference; lastKnownFileType = wrapper.framework; name = CoreGraphics.framework; path = System/Library/Frameworks/CoreGraphics.framework; sourceTree = SDKROOT; };
		49C75D461A1AE964001E3156 /* CoreLocation.framework */ = {isa = PBXFileReference; lastKnownFileType = wrapper.framework; name = CoreLocation.framework; path = System/Library/Frameworks/CoreLocation.framework; sourceTree = SDKROOT; };
		49C75D481A1AE96B001E3156 /* libz.dylib */ = {isa = PBXFileReference; lastKnownFileType = "compiled.mach-o.dylib"; name = libz.dylib; path = usr/lib/libz.dylib; sourceTree = SDKROOT; };
		49C75D4A1A1AE972001E3156 /* MobileCoreServices.framework */ = {isa = PBXFileReference; lastKnownFileType = wrapper.framework; name = MobileCoreServices.framework; path = System/Library/Frameworks/MobileCoreServices.framework; sourceTree = SDKROOT; };
		49C75D4C1A1AE978001E3156 /* QuartzCore.framework */ = {isa = PBXFileReference; lastKnownFileType = wrapper.framework; name = QuartzCore.framework; path = System/Library/Frameworks/QuartzCore.framework; sourceTree = SDKROOT; };
		49C75D4E1A1AE97C001E3156 /* Security.framework */ = {isa = PBXFileReference; lastKnownFileType = wrapper.framework; name = Security.framework; path = System/Library/Frameworks/Security.framework; sourceTree = SDKROOT; };
		49C75D501A1AE982001E3156 /* StoreKit.framework */ = {isa = PBXFileReference; lastKnownFileType = wrapper.framework; name = StoreKit.framework; path = System/Library/Frameworks/StoreKit.framework; sourceTree = SDKROOT; };
		49C75D521A1AE98C001E3156 /* SystemConfiguration.framework */ = {isa = PBXFileReference; lastKnownFileType = wrapper.framework; name = SystemConfiguration.framework; path = System/Library/Frameworks/SystemConfiguration.framework; sourceTree = SDKROOT; };
		49C75D541A1AE990001E3156 /* Social.framework */ = {isa = PBXFileReference; lastKnownFileType = wrapper.framework; name = Social.framework; path = System/Library/Frameworks/Social.framework; sourceTree = SDKROOT; };
		49C75D561A1AE995001E3156 /* AdSupport.framework */ = {isa = PBXFileReference; lastKnownFileType = wrapper.framework; name = AdSupport.framework; path = System/Library/Frameworks/AdSupport.framework; sourceTree = SDKROOT; };
		49C75D581A1AE999001E3156 /* Accounts.framework */ = {isa = PBXFileReference; lastKnownFileType = wrapper.framework; name = Accounts.framework; path = System/Library/Frameworks/Accounts.framework; sourceTree = SDKROOT; };
		49C75D5B1A1AF498001E3156 /* PhotoCollectionViewCell.h */ = {isa = PBXFileReference; fileEncoding = 4; lastKnownFileType = sourcecode.c.h; path = PhotoCollectionViewCell.h; sourceTree = "<group>"; };
		49C75D5C1A1AF498001E3156 /* PhotoCollectionViewCell.m */ = {isa = PBXFileReference; fileEncoding = 4; lastKnownFileType = sourcecode.c.objc; path = PhotoCollectionViewCell.m; sourceTree = "<group>"; };
		49C75D5E1A1B0D8D001E3156 /* EditProfileViewController.h */ = {isa = PBXFileReference; fileEncoding = 4; lastKnownFileType = sourcecode.c.h; path = EditProfileViewController.h; sourceTree = "<group>"; };
		49C75D5F1A1B0D8D001E3156 /* EditProfileViewController.m */ = {isa = PBXFileReference; fileEncoding = 4; lastKnownFileType = sourcecode.c.objc; path = EditProfileViewController.m; sourceTree = "<group>"; };
		49C75D611A1B152F001E3156 /* FollowListViewController.h */ = {isa = PBXFileReference; fileEncoding = 4; lastKnownFileType = sourcecode.c.h; path = FollowListViewController.h; sourceTree = "<group>"; };
		49C75D621A1B152F001E3156 /* FollowListViewController.m */ = {isa = PBXFileReference; fileEncoding = 4; lastKnownFileType = sourcecode.c.objc; path = FollowListViewController.m; sourceTree = "<group>"; };
		FBBB8B5F1A1ACE3B00E40A93 /* Popular App.app */ = {isa = PBXFileReference; explicitFileType = wrapper.application; includeInIndex = 0; path = "Popular App.app"; sourceTree = BUILT_PRODUCTS_DIR; };
		FBBB8B631A1ACE3B00E40A93 /* Info.plist */ = {isa = PBXFileReference; lastKnownFileType = text.plist.xml; path = Info.plist; sourceTree = "<group>"; };
		FBBB8B641A1ACE3B00E40A93 /* main.m */ = {isa = PBXFileReference; lastKnownFileType = sourcecode.c.objc; path = main.m; sourceTree = "<group>"; };
		FBBB8B661A1ACE3B00E40A93 /* AppDelegate.h */ = {isa = PBXFileReference; lastKnownFileType = sourcecode.c.h; path = AppDelegate.h; sourceTree = "<group>"; };
		FBBB8B671A1ACE3B00E40A93 /* AppDelegate.m */ = {isa = PBXFileReference; lastKnownFileType = sourcecode.c.objc; path = AppDelegate.m; sourceTree = "<group>"; };
		FBBB8B691A1ACE3B00E40A93 /* RootViewController.h */ = {isa = PBXFileReference; lastKnownFileType = sourcecode.c.h; path = RootViewController.h; sourceTree = "<group>"; };
		FBBB8B6A1A1ACE3B00E40A93 /* RootViewController.m */ = {isa = PBXFileReference; lastKnownFileType = sourcecode.c.objc; path = RootViewController.m; sourceTree = "<group>"; };
		FBBB8B6D1A1ACE3B00E40A93 /* Base */ = {isa = PBXFileReference; lastKnownFileType = file.storyboard; name = Base; path = Base.lproj/Main.storyboard; sourceTree = "<group>"; };
		FBBB8B6F1A1ACE3B00E40A93 /* Images.xcassets */ = {isa = PBXFileReference; lastKnownFileType = folder.assetcatalog; path = Images.xcassets; sourceTree = "<group>"; };
		FBBB8B721A1ACE3B00E40A93 /* Base */ = {isa = PBXFileReference; lastKnownFileType = file.xib; name = Base; path = Base.lproj/LaunchScreen.xib; sourceTree = "<group>"; };
		FBBB8B781A1ACE3B00E40A93 /* Popular AppTests.xctest */ = {isa = PBXFileReference; explicitFileType = wrapper.cfbundle; includeInIndex = 0; path = "Popular AppTests.xctest"; sourceTree = BUILT_PRODUCTS_DIR; };
		FBBB8B7D1A1ACE3B00E40A93 /* Info.plist */ = {isa = PBXFileReference; lastKnownFileType = text.plist.xml; path = Info.plist; sourceTree = "<group>"; };
		FBBB8B7E1A1ACE3B00E40A93 /* Popular_AppTests.m */ = {isa = PBXFileReference; lastKnownFileType = sourcecode.c.objc; path = Popular_AppTests.m; sourceTree = "<group>"; };
		FBBB8B881A1AEE2100E40A93 /* RootDetailViewController.h */ = {isa = PBXFileReference; fileEncoding = 4; lastKnownFileType = sourcecode.c.h; path = RootDetailViewController.h; sourceTree = "<group>"; };
		FBBB8B891A1AEE2100E40A93 /* RootDetailViewController.m */ = {isa = PBXFileReference; fileEncoding = 4; lastKnownFileType = sourcecode.c.objc; path = RootDetailViewController.m; sourceTree = "<group>"; };
		FBBB8B8B1A1AEE9300E40A93 /* SearchViewController.h */ = {isa = PBXFileReference; fileEncoding = 4; lastKnownFileType = sourcecode.c.h; path = SearchViewController.h; sourceTree = "<group>"; };
		FBBB8B8C1A1AEE9300E40A93 /* SearchViewController.m */ = {isa = PBXFileReference; fileEncoding = 4; lastKnownFileType = sourcecode.c.objc; path = SearchViewController.m; sourceTree = "<group>"; };
		FBBB8B8E1A1AEEBE00E40A93 /* SearchDetailViewController.h */ = {isa = PBXFileReference; fileEncoding = 4; lastKnownFileType = sourcecode.c.h; path = SearchDetailViewController.h; sourceTree = "<group>"; };
		FBBB8B8F1A1AEEBE00E40A93 /* SearchDetailViewController.m */ = {isa = PBXFileReference; fileEncoding = 4; lastKnownFileType = sourcecode.c.objc; path = SearchDetailViewController.m; sourceTree = "<group>"; };
		FBBB8B911A1AEEF000E40A93 /* CameraViewController.h */ = {isa = PBXFileReference; fileEncoding = 4; lastKnownFileType = sourcecode.c.h; path = CameraViewController.h; sourceTree = "<group>"; };
		FBBB8B921A1AEEF000E40A93 /* CameraViewController.m */ = {isa = PBXFileReference; fileEncoding = 4; lastKnownFileType = sourcecode.c.objc; path = CameraViewController.m; sourceTree = "<group>"; };
		FBBB8B941A1AEF1700E40A93 /* ActivityViewController.h */ = {isa = PBXFileReference; fileEncoding = 4; lastKnownFileType = sourcecode.c.h; path = ActivityViewController.h; sourceTree = "<group>"; };
		FBBB8B951A1AEF1700E40A93 /* ActivityViewController.m */ = {isa = PBXFileReference; fileEncoding = 4; lastKnownFileType = sourcecode.c.objc; path = ActivityViewController.m; sourceTree = "<group>"; };
		FBBB8B971A1AEF3B00E40A93 /* ProfileViewController.h */ = {isa = PBXFileReference; fileEncoding = 4; lastKnownFileType = sourcecode.c.h; path = ProfileViewController.h; sourceTree = "<group>"; };
		FBBB8B981A1AEF3B00E40A93 /* ProfileViewController.m */ = {isa = PBXFileReference; fileEncoding = 4; lastKnownFileType = sourcecode.c.objc; path = ProfileViewController.m; sourceTree = "<group>"; };
		FBBB8B9A1A1AF7C100E40A93 /* Parse.framework */ = {isa = PBXFileReference; lastKnownFileType = wrapper.framework; name = Parse.framework; path = "../../../Downloads/ParsePlatform-LoginAndSignUpTutorial-0710943/Parse.framework"; sourceTree = "<group>"; };
		FBBB8B9C1A1AF91500E40A93 /* FacebookSDK.framework */ = {isa = PBXFileReference; lastKnownFileType = wrapper.framework; name = FacebookSDK.framework; path = "../../../Downloads/ParsePlatform-LoginAndSignUpTutorial-0710943/FacebookSDK.framework"; sourceTree = "<group>"; };
/* End PBXFileReference section */

/* Begin PBXFrameworksBuildPhase section */
		FBBB8B5C1A1ACE3B00E40A93 /* Frameworks */ = {
			isa = PBXFrameworksBuildPhase;
			buildActionMask = 2147483647;
			files = (
				49C75D591A1AE999001E3156 /* Accounts.framework in Frameworks */,
				FBBB8B9D1A1AF91500E40A93 /* FacebookSDK.framework in Frameworks */,
				49C75D571A1AE995001E3156 /* AdSupport.framework in Frameworks */,
				49C75D551A1AE990001E3156 /* Social.framework in Frameworks */,
				49C75D531A1AE98C001E3156 /* SystemConfiguration.framework in Frameworks */,
				49C75D511A1AE982001E3156 /* StoreKit.framework in Frameworks */,
				49C75D4F1A1AE97C001E3156 /* Security.framework in Frameworks */,
				49C75D4D1A1AE978001E3156 /* QuartzCore.framework in Frameworks */,
				49C75D4B1A1AE972001E3156 /* MobileCoreServices.framework in Frameworks */,
				49C75D491A1AE96B001E3156 /* libz.dylib in Frameworks */,
				49C75D471A1AE964001E3156 /* CoreLocation.framework in Frameworks */,
				FBBB8B9B1A1AF7C100E40A93 /* Parse.framework in Frameworks */,
				49C75D451A1AE95E001E3156 /* CoreGraphics.framework in Frameworks */,
				49C75D431A1AE958001E3156 /* CFNetwork.framework in Frameworks */,
				49C75D411A1AE952001E3156 /* AudioToolbox.framework in Frameworks */,
				49C75D3D1A1AE946001E3156 /* Parse.framework in Frameworks */,
				49C75D3C1A1AE946001E3156 /* Bolts.framework in Frameworks */,
				49C75D3F1A1AE946001E3156 /* ParseUI.framework in Frameworks */,
				49C75D3E1A1AE946001E3156 /* ParseFacebookUtils.framework in Frameworks */,
			);
			runOnlyForDeploymentPostprocessing = 0;
		};
		FBBB8B751A1ACE3B00E40A93 /* Frameworks */ = {
			isa = PBXFrameworksBuildPhase;
			buildActionMask = 2147483647;
			files = (
			);
			runOnlyForDeploymentPostprocessing = 0;
		};
/* End PBXFrameworksBuildPhase section */

/* Begin PBXGroup section */
		49C75D371A1AE946001E3156 /* parse-library-1 */ = {
			isa = PBXGroup;
			children = (
				49C75D381A1AE946001E3156 /* Bolts.framework */,
				49C75D391A1AE946001E3156 /* Parse.framework */,
				49C75D3A1A1AE946001E3156 /* ParseFacebookUtils.framework */,
				49C75D3B1A1AE946001E3156 /* ParseUI.framework */,
			);
			path = "parse-library-1";
			sourceTree = "<group>";
		};
		49C75D5A1A1AE9A8001E3156 /* Frameworks */ = {
			isa = PBXGroup;
			children = (
				FBBB8B9C1A1AF91500E40A93 /* FacebookSDK.framework */,
				FBBB8B9A1A1AF7C100E40A93 /* Parse.framework */,
				49C75D581A1AE999001E3156 /* Accounts.framework */,
				49C75D561A1AE995001E3156 /* AdSupport.framework */,
				49C75D541A1AE990001E3156 /* Social.framework */,
				49C75D521A1AE98C001E3156 /* SystemConfiguration.framework */,
				49C75D501A1AE982001E3156 /* StoreKit.framework */,
				49C75D4E1A1AE97C001E3156 /* Security.framework */,
				49C75D4C1A1AE978001E3156 /* QuartzCore.framework */,
				49C75D4A1A1AE972001E3156 /* MobileCoreServices.framework */,
				49C75D481A1AE96B001E3156 /* libz.dylib */,
				49C75D461A1AE964001E3156 /* CoreLocation.framework */,
				49C75D441A1AE95E001E3156 /* CoreGraphics.framework */,
				49C75D421A1AE958001E3156 /* CFNetwork.framework */,
				49C75D401A1AE952001E3156 /* AudioToolbox.framework */,
				49C75D371A1AE946001E3156 /* parse-library-1 */,
			);
			name = Frameworks;
			sourceTree = "<group>";
		};
		FBBB8B561A1ACE3B00E40A93 = {
			isa = PBXGroup;
			children = (
				FBBB8B611A1ACE3B00E40A93 /* Popular App */,
				FBBB8B7B1A1ACE3B00E40A93 /* Popular AppTests */,
				FBBB8B601A1ACE3B00E40A93 /* Products */,
				49C75D5A1A1AE9A8001E3156 /* Frameworks */,
			);
			sourceTree = "<group>";
		};
		FBBB8B601A1ACE3B00E40A93 /* Products */ = {
			isa = PBXGroup;
			children = (
				FBBB8B5F1A1ACE3B00E40A93 /* Popular App.app */,
				FBBB8B781A1ACE3B00E40A93 /* Popular AppTests.xctest */,
			);
			name = Products;
			sourceTree = "<group>";
		};
		FBBB8B611A1ACE3B00E40A93 /* Popular App */ = {
			isa = PBXGroup;
			children = (
				FBBB8B6C1A1ACE3B00E40A93 /* Main.storyboard */,
				FBBB8B661A1ACE3B00E40A93 /* AppDelegate.h */,
				FBBB8B671A1ACE3B00E40A93 /* AppDelegate.m */,
				FBBB8B691A1ACE3B00E40A93 /* RootViewController.h */,
				FBBB8B6A1A1ACE3B00E40A93 /* RootViewController.m */,
				FBBB8B881A1AEE2100E40A93 /* RootDetailViewController.h */,
				FBBB8B891A1AEE2100E40A93 /* RootDetailViewController.m */,
				FBBB8B8B1A1AEE9300E40A93 /* SearchViewController.h */,
				FBBB8B8C1A1AEE9300E40A93 /* SearchViewController.m */,
				FBBB8B8E1A1AEEBE00E40A93 /* SearchDetailViewController.h */,
				FBBB8B8F1A1AEEBE00E40A93 /* SearchDetailViewController.m */,
				FBBB8B911A1AEEF000E40A93 /* CameraViewController.h */,
				FBBB8B921A1AEEF000E40A93 /* CameraViewController.m */,
				FBBB8B941A1AEF1700E40A93 /* ActivityViewController.h */,
				FBBB8B951A1AEF1700E40A93 /* ActivityViewController.m */,
				FBBB8B971A1AEF3B00E40A93 /* ProfileViewController.h */,
				FBBB8B981A1AEF3B00E40A93 /* ProfileViewController.m */,
				49C75D5E1A1B0D8D001E3156 /* EditProfileViewController.h */,
				49C75D5F1A1B0D8D001E3156 /* EditProfileViewController.m */,
				49C75D611A1B152F001E3156 /* FollowListViewController.h */,
				49C75D621A1B152F001E3156 /* FollowListViewController.m */,
				49C75D5B1A1AF498001E3156 /* PhotoCollectionViewCell.h */,
				49C75D5C1A1AF498001E3156 /* PhotoCollectionViewCell.m */,
				FBBB8B6F1A1ACE3B00E40A93 /* Images.xcassets */,
				FBBB8B711A1ACE3B00E40A93 /* LaunchScreen.xib */,
				FBBB8B621A1ACE3B00E40A93 /* Supporting Files */,
			);
			path = "Popular App";
			sourceTree = "<group>";
		};
		FBBB8B621A1ACE3B00E40A93 /* Supporting Files */ = {
			isa = PBXGroup;
			children = (
				FBBB8B631A1ACE3B00E40A93 /* Info.plist */,
				FBBB8B641A1ACE3B00E40A93 /* main.m */,
			);
			name = "Supporting Files";
			sourceTree = "<group>";
		};
		FBBB8B7B1A1ACE3B00E40A93 /* Popular AppTests */ = {
			isa = PBXGroup;
			children = (
				FBBB8B7E1A1ACE3B00E40A93 /* Popular_AppTests.m */,
				FBBB8B7C1A1ACE3B00E40A93 /* Supporting Files */,
			);
			path = "Popular AppTests";
			sourceTree = "<group>";
		};
		FBBB8B7C1A1ACE3B00E40A93 /* Supporting Files */ = {
			isa = PBXGroup;
			children = (
				FBBB8B7D1A1ACE3B00E40A93 /* Info.plist */,
			);
			name = "Supporting Files";
			sourceTree = "<group>";
		};
/* End PBXGroup section */

/* Begin PBXNativeTarget section */
		FBBB8B5E1A1ACE3B00E40A93 /* Popular App */ = {
			isa = PBXNativeTarget;
			buildConfigurationList = FBBB8B821A1ACE3B00E40A93 /* Build configuration list for PBXNativeTarget "Popular App" */;
			buildPhases = (
				FBBB8B5B1A1ACE3B00E40A93 /* Sources */,
				FBBB8B5C1A1ACE3B00E40A93 /* Frameworks */,
				FBBB8B5D1A1ACE3B00E40A93 /* Resources */,
			);
			buildRules = (
			);
			dependencies = (
			);
			name = "Popular App";
			productName = "Popular App";
			productReference = FBBB8B5F1A1ACE3B00E40A93 /* Popular App.app */;
			productType = "com.apple.product-type.application";
		};
		FBBB8B771A1ACE3B00E40A93 /* Popular AppTests */ = {
			isa = PBXNativeTarget;
			buildConfigurationList = FBBB8B851A1ACE3B00E40A93 /* Build configuration list for PBXNativeTarget "Popular AppTests" */;
			buildPhases = (
				FBBB8B741A1ACE3B00E40A93 /* Sources */,
				FBBB8B751A1ACE3B00E40A93 /* Frameworks */,
				FBBB8B761A1ACE3B00E40A93 /* Resources */,
			);
			buildRules = (
			);
			dependencies = (
				FBBB8B7A1A1ACE3B00E40A93 /* PBXTargetDependency */,
			);
			name = "Popular AppTests";
			productName = "Popular AppTests";
			productReference = FBBB8B781A1ACE3B00E40A93 /* Popular AppTests.xctest */;
			productType = "com.apple.product-type.bundle.unit-test";
		};
/* End PBXNativeTarget section */

/* Begin PBXProject section */
		FBBB8B571A1ACE3B00E40A93 /* Project object */ = {
			isa = PBXProject;
			attributes = {
				LastUpgradeCheck = 0610;
				ORGANIZATIONNAME = "May Yang";
				TargetAttributes = {
					FBBB8B5E1A1ACE3B00E40A93 = {
						CreatedOnToolsVersion = 6.1;
					};
					FBBB8B771A1ACE3B00E40A93 = {
						CreatedOnToolsVersion = 6.1;
						TestTargetID = FBBB8B5E1A1ACE3B00E40A93;
					};
				};
			};
			buildConfigurationList = FBBB8B5A1A1ACE3B00E40A93 /* Build configuration list for PBXProject "Popular App" */;
			compatibilityVersion = "Xcode 3.2";
			developmentRegion = English;
			hasScannedForEncodings = 0;
			knownRegions = (
				en,
				Base,
			);
			mainGroup = FBBB8B561A1ACE3B00E40A93;
			productRefGroup = FBBB8B601A1ACE3B00E40A93 /* Products */;
			projectDirPath = "";
			projectRoot = "";
			targets = (
				FBBB8B5E1A1ACE3B00E40A93 /* Popular App */,
				FBBB8B771A1ACE3B00E40A93 /* Popular AppTests */,
			);
		};
/* End PBXProject section */

/* Begin PBXResourcesBuildPhase section */
		FBBB8B5D1A1ACE3B00E40A93 /* Resources */ = {
			isa = PBXResourcesBuildPhase;
			buildActionMask = 2147483647;
			files = (
				FBBB8B6E1A1ACE3B00E40A93 /* Main.storyboard in Resources */,
				FBBB8B731A1ACE3B00E40A93 /* LaunchScreen.xib in Resources */,
				FBBB8B701A1ACE3B00E40A93 /* Images.xcassets in Resources */,
			);
			runOnlyForDeploymentPostprocessing = 0;
		};
		FBBB8B761A1ACE3B00E40A93 /* Resources */ = {
			isa = PBXResourcesBuildPhase;
			buildActionMask = 2147483647;
			files = (
			);
			runOnlyForDeploymentPostprocessing = 0;
		};
/* End PBXResourcesBuildPhase section */

/* Begin PBXSourcesBuildPhase section */
		FBBB8B5B1A1ACE3B00E40A93 /* Sources */ = {
			isa = PBXSourcesBuildPhase;
			buildActionMask = 2147483647;
			files = (
				FBBB8B6B1A1ACE3B00E40A93 /* RootViewController.m in Sources */,
				49C75D601A1B0D8D001E3156 /* EditProfileViewController.m in Sources */,
				FBBB8B991A1AEF3B00E40A93 /* ProfileViewController.m in Sources */,
				49C75D631A1B152F001E3156 /* FollowListViewController.m in Sources */,
				FBBB8B681A1ACE3B00E40A93 /* AppDelegate.m in Sources */,
				49C75D5D1A1AF498001E3156 /* PhotoCollectionViewCell.m in Sources */,
				FBBB8B8D1A1AEE9300E40A93 /* SearchViewController.m in Sources */,
				FBBB8B901A1AEEBE00E40A93 /* SearchDetailViewController.m in Sources */,
				FBBB8B8A1A1AEE2100E40A93 /* RootDetailViewController.m in Sources */,
				FBBB8B931A1AEEF000E40A93 /* CameraViewController.m in Sources */,
				FBBB8B651A1ACE3B00E40A93 /* main.m in Sources */,
				FBBB8B961A1AEF1700E40A93 /* ActivityViewController.m in Sources */,
			);
			runOnlyForDeploymentPostprocessing = 0;
		};
		FBBB8B741A1ACE3B00E40A93 /* Sources */ = {
			isa = PBXSourcesBuildPhase;
			buildActionMask = 2147483647;
			files = (
				FBBB8B7F1A1ACE3B00E40A93 /* Popular_AppTests.m in Sources */,
			);
			runOnlyForDeploymentPostprocessing = 0;
		};
/* End PBXSourcesBuildPhase section */

/* Begin PBXTargetDependency section */
		FBBB8B7A1A1ACE3B00E40A93 /* PBXTargetDependency */ = {
			isa = PBXTargetDependency;
			target = FBBB8B5E1A1ACE3B00E40A93 /* Popular App */;
			targetProxy = FBBB8B791A1ACE3B00E40A93 /* PBXContainerItemProxy */;
		};
/* End PBXTargetDependency section */

/* Begin PBXVariantGroup section */
		FBBB8B6C1A1ACE3B00E40A93 /* Main.storyboard */ = {
			isa = PBXVariantGroup;
			children = (
				FBBB8B6D1A1ACE3B00E40A93 /* Base */,
			);
			name = Main.storyboard;
			sourceTree = "<group>";
		};
		FBBB8B711A1ACE3B00E40A93 /* LaunchScreen.xib */ = {
			isa = PBXVariantGroup;
			children = (
				FBBB8B721A1ACE3B00E40A93 /* Base */,
			);
			name = LaunchScreen.xib;
			sourceTree = "<group>";
		};
/* End PBXVariantGroup section */

/* Begin XCBuildConfiguration section */
		FBBB8B801A1ACE3B00E40A93 /* Debug */ = {
			isa = XCBuildConfiguration;
			buildSettings = {
				ALWAYS_SEARCH_USER_PATHS = NO;
				CLANG_CXX_LANGUAGE_STANDARD = "gnu++0x";
				CLANG_CXX_LIBRARY = "libc++";
				CLANG_ENABLE_MODULES = YES;
				CLANG_ENABLE_OBJC_ARC = YES;
				CLANG_WARN_BOOL_CONVERSION = YES;
				CLANG_WARN_CONSTANT_CONVERSION = YES;
				CLANG_WARN_DIRECT_OBJC_ISA_USAGE = YES_ERROR;
				CLANG_WARN_EMPTY_BODY = YES;
				CLANG_WARN_ENUM_CONVERSION = YES;
				CLANG_WARN_INT_CONVERSION = YES;
				CLANG_WARN_OBJC_ROOT_CLASS = YES_ERROR;
				CLANG_WARN_UNREACHABLE_CODE = YES;
				CLANG_WARN__DUPLICATE_METHOD_MATCH = YES;
				"CODE_SIGN_IDENTITY[sdk=iphoneos*]" = "iPhone Developer";
				COPY_PHASE_STRIP = NO;
				ENABLE_STRICT_OBJC_MSGSEND = YES;
				GCC_C_LANGUAGE_STANDARD = gnu99;
				GCC_DYNAMIC_NO_PIC = NO;
				GCC_OPTIMIZATION_LEVEL = 0;
				GCC_PREPROCESSOR_DEFINITIONS = (
					"DEBUG=1",
					"$(inherited)",
				);
				GCC_SYMBOLS_PRIVATE_EXTERN = NO;
				GCC_WARN_64_TO_32_BIT_CONVERSION = YES;
				GCC_WARN_ABOUT_RETURN_TYPE = YES_ERROR;
				GCC_WARN_UNDECLARED_SELECTOR = YES;
				GCC_WARN_UNINITIALIZED_AUTOS = YES_AGGRESSIVE;
				GCC_WARN_UNUSED_FUNCTION = YES;
				GCC_WARN_UNUSED_VARIABLE = YES;
				IPHONEOS_DEPLOYMENT_TARGET = 8.1;
				MTL_ENABLE_DEBUG_INFO = YES;
				ONLY_ACTIVE_ARCH = YES;
				SDKROOT = iphoneos;
			};
			name = Debug;
		};
		FBBB8B811A1ACE3B00E40A93 /* Release */ = {
			isa = XCBuildConfiguration;
			buildSettings = {
				ALWAYS_SEARCH_USER_PATHS = NO;
				CLANG_CXX_LANGUAGE_STANDARD = "gnu++0x";
				CLANG_CXX_LIBRARY = "libc++";
				CLANG_ENABLE_MODULES = YES;
				CLANG_ENABLE_OBJC_ARC = YES;
				CLANG_WARN_BOOL_CONVERSION = YES;
				CLANG_WARN_CONSTANT_CONVERSION = YES;
				CLANG_WARN_DIRECT_OBJC_ISA_USAGE = YES_ERROR;
				CLANG_WARN_EMPTY_BODY = YES;
				CLANG_WARN_ENUM_CONVERSION = YES;
				CLANG_WARN_INT_CONVERSION = YES;
				CLANG_WARN_OBJC_ROOT_CLASS = YES_ERROR;
				CLANG_WARN_UNREACHABLE_CODE = YES;
				CLANG_WARN__DUPLICATE_METHOD_MATCH = YES;
				"CODE_SIGN_IDENTITY[sdk=iphoneos*]" = "iPhone Developer";
				COPY_PHASE_STRIP = YES;
				ENABLE_NS_ASSERTIONS = NO;
				ENABLE_STRICT_OBJC_MSGSEND = YES;
				GCC_C_LANGUAGE_STANDARD = gnu99;
				GCC_WARN_64_TO_32_BIT_CONVERSION = YES;
				GCC_WARN_ABOUT_RETURN_TYPE = YES_ERROR;
				GCC_WARN_UNDECLARED_SELECTOR = YES;
				GCC_WARN_UNINITIALIZED_AUTOS = YES_AGGRESSIVE;
				GCC_WARN_UNUSED_FUNCTION = YES;
				GCC_WARN_UNUSED_VARIABLE = YES;
				IPHONEOS_DEPLOYMENT_TARGET = 8.1;
				MTL_ENABLE_DEBUG_INFO = NO;
				SDKROOT = iphoneos;
				VALIDATE_PRODUCT = YES;
			};
			name = Release;
		};
		FBBB8B831A1ACE3B00E40A93 /* Debug */ = {
			isa = XCBuildConfiguration;
			buildSettings = {
				ASSETCATALOG_COMPILER_APPICON_NAME = AppIcon;
				FRAMEWORK_SEARCH_PATHS = (
					"$(inherited)",
					"$(PROJECT_DIR)/parse-library-1",
					"/Users/mayyang/Downloads/ParsePlatform-LoginAndSignUpTutorial-0710943",
				);
				INFOPLIST_FILE = "Popular App/Info.plist";
				LD_RUNPATH_SEARCH_PATHS = "$(inherited) @executable_path/Frameworks";
				PRODUCT_NAME = "$(TARGET_NAME)";
			};
			name = Debug;
		};
		FBBB8B841A1ACE3B00E40A93 /* Release */ = {
			isa = XCBuildConfiguration;
			buildSettings = {
				ASSETCATALOG_COMPILER_APPICON_NAME = AppIcon;
				FRAMEWORK_SEARCH_PATHS = (
					"$(inherited)",
					"$(PROJECT_DIR)/parse-library-1",
					"/Users/mayyang/Downloads/ParsePlatform-LoginAndSignUpTutorial-0710943",
				);
				INFOPLIST_FILE = "Popular App/Info.plist";
				LD_RUNPATH_SEARCH_PATHS = "$(inherited) @executable_path/Frameworks";
				PRODUCT_NAME = "$(TARGET_NAME)";
			};
			name = Release;
		};
		FBBB8B861A1ACE3B00E40A93 /* Debug */ = {
			isa = XCBuildConfiguration;
			buildSettings = {
				BUNDLE_LOADER = "$(TEST_HOST)";
				FRAMEWORK_SEARCH_PATHS = (
					"$(SDKROOT)/Developer/Library/Frameworks",
					"$(inherited)",
				);
				GCC_PREPROCESSOR_DEFINITIONS = (
					"DEBUG=1",
					"$(inherited)",
				);
				INFOPLIST_FILE = "Popular AppTests/Info.plist";
				LD_RUNPATH_SEARCH_PATHS = "$(inherited) @executable_path/Frameworks @loader_path/Frameworks";
				PRODUCT_NAME = "$(TARGET_NAME)";
				TEST_HOST = "$(BUILT_PRODUCTS_DIR)/Popular App.app/Popular App";
			};
			name = Debug;
		};
		FBBB8B871A1ACE3B00E40A93 /* Release */ = {
			isa = XCBuildConfiguration;
			buildSettings = {
				BUNDLE_LOADER = "$(TEST_HOST)";
				FRAMEWORK_SEARCH_PATHS = (
					"$(SDKROOT)/Developer/Library/Frameworks",
					"$(inherited)",
				);
				INFOPLIST_FILE = "Popular AppTests/Info.plist";
				LD_RUNPATH_SEARCH_PATHS = "$(inherited) @executable_path/Frameworks @loader_path/Frameworks";
				PRODUCT_NAME = "$(TARGET_NAME)";
				TEST_HOST = "$(BUILT_PRODUCTS_DIR)/Popular App.app/Popular App";
			};
			name = Release;
		};
/* End XCBuildConfiguration section */

/* Begin XCConfigurationList section */
		FBBB8B5A1A1ACE3B00E40A93 /* Build configuration list for PBXProject "Popular App" */ = {
			isa = XCConfigurationList;
			buildConfigurations = (
				FBBB8B801A1ACE3B00E40A93 /* Debug */,
				FBBB8B811A1ACE3B00E40A93 /* Release */,
			);
			defaultConfigurationIsVisible = 0;
			defaultConfigurationName = Release;
		};
		FBBB8B821A1ACE3B00E40A93 /* Build configuration list for PBXNativeTarget "Popular App" */ = {
			isa = XCConfigurationList;
			buildConfigurations = (
				FBBB8B831A1ACE3B00E40A93 /* Debug */,
				FBBB8B841A1ACE3B00E40A93 /* Release */,
			);
			defaultConfigurationIsVisible = 0;
			defaultConfigurationName = Release;
		};
		FBBB8B851A1ACE3B00E40A93 /* Build configuration list for PBXNativeTarget "Popular AppTests" */ = {
			isa = XCConfigurationList;
			buildConfigurations = (
				FBBB8B861A1ACE3B00E40A93 /* Debug */,
				FBBB8B871A1ACE3B00E40A93 /* Release */,
			);
			defaultConfigurationIsVisible = 0;
			defaultConfigurationName = Release;
		};
/* End XCConfigurationList section */
	};
	rootObject = FBBB8B571A1ACE3B00E40A93 /* Project object */;
}
