// !$*UTF8*$!
{
	archiveVersion = 1;
	classes = {
	};
	objectVersion = 46;
	objects = {

/* Begin PBXBuildFile section */
		FBBB8B651A1ACE3B00E40A93 /* main.m in Sources */ = {isa = PBXBuildFile; fileRef = FBBB8B641A1ACE3B00E40A93 /* main.m */; };
		FBBB8B681A1ACE3B00E40A93 /* AppDelegate.m in Sources */ = {isa = PBXBuildFile; fileRef = FBBB8B671A1ACE3B00E40A93 /* AppDelegate.m */; };
		FBBB8B6B1A1ACE3B00E40A93 /* ViewController.m in Sources */ = {isa = PBXBuildFile; fileRef = FBBB8B6A1A1ACE3B00E40A93 /* ViewController.m */; };
		FBBB8B6E1A1ACE3B00E40A93 /* Main.storyboard in Resources */ = {isa = PBXBuildFile; fileRef = FBBB8B6C1A1ACE3B00E40A93 /* Main.storyboard */; };
		FBBB8B701A1ACE3B00E40A93 /* Images.xcassets in Resources */ = {isa = PBXBuildFile; fileRef = FBBB8B6F1A1ACE3B00E40A93 /* Images.xcassets */; };
		FBBB8B731A1ACE3B00E40A93 /* LaunchScreen.xib in Resources */ = {isa = PBXBuildFile; fileRef = FBBB8B711A1ACE3B00E40A93 /* LaunchScreen.xib */; };
		FBBB8B7F1A1ACE3B00E40A93 /* Popular_AppTests.m in Sources */ = {isa = PBXBuildFile; fileRef = FBBB8B7E1A1ACE3B00E40A93 /* Popular_AppTests.m */; };
/* End PBXBuildFile section */

/* Begin PBXContainerItemProxy section */
		FBBB8B791A1ACE3B00E40A93 /* PBXContainerItemProxy */ = {
			isa = PBXContainerItemProxy;
			containerPortal = FBBB8B571A1ACE3B00E40A93 /* Project object */;
			proxyType = 1;
			remoteGlobalIDString = FBBB8B5E1A1ACE3B00E40A93;
			remoteInfo = "Popular App";
		};
/* End PBXContainerItemProxy section */

/* Begin PBXFileReference section */
		FBBB8B5F1A1ACE3B00E40A93 /* Popular App.app */ = {isa = PBXFileReference; explicitFileType = wrapper.application; includeInIndex = 0; path = "Popular App.app"; sourceTree = BUILT_PRODUCTS_DIR; };
		FBBB8B631A1ACE3B00E40A93 /* Info.plist */ = {isa = PBXFileReference; lastKnownFileType = text.plist.xml; path = Info.plist; sourceTree = "<group>"; };
		FBBB8B641A1ACE3B00E40A93 /* main.m */ = {isa = PBXFileReference; lastKnownFileType = sourcecode.c.objc; path = main.m; sourceTree = "<group>"; };
		FBBB8B661A1ACE3B00E40A93 /* AppDelegate.h */ = {isa = PBXFileReference; lastKnownFileType = sourcecode.c.h; path = AppDelegate.h; sourceTree = "<group>"; };
		FBBB8B671A1ACE3B00E40A93 /* AppDelegate.m */ = {isa = PBXFileReference; lastKnownFileType = sourcecode.c.objc; path = AppDelegate.m; sourceTree = "<group>"; };
		FBBB8B691A1ACE3B00E40A93 /* ViewController.h */ = {isa = PBXFileReference; lastKnownFileType = sourcecode.c.h; path = ViewController.h; sourceTree = "<group>"; };
		FBBB8B6A1A1ACE3B00E40A93 /* ViewController.m */ = {isa = PBXFileReference; lastKnownFileType = sourcecode.c.objc; path = ViewController.m; sourceTree = "<group>"; };
		FBBB8B6D1A1ACE3B00E40A93 /* Base */ = {isa = PBXFileReference; lastKnownFileType = file.storyboard; name = Base; path = Base.lproj/Main.storyboard; sourceTree = "<group>"; };
		FBBB8B6F1A1ACE3B00E40A93 /* Images.xcassets */ = {isa = PBXFileReference; lastKnownFileType = folder.assetcatalog; path = Images.xcassets; sourceTree = "<group>"; };
		FBBB8B721A1ACE3B00E40A93 /* Base */ = {isa = PBXFileReference; lastKnownFileType = file.xib; name = Base; path = Base.lproj/LaunchScreen.xib; sourceTree = "<group>"; };
		FBBB8B781A1ACE3B00E40A93 /* Popular AppTests.xctest */ = {isa = PBXFileReference; explicitFileType = wrapper.cfbundle; includeInIndex = 0; path = "Popular AppTests.xctest"; sourceTree = BUILT_PRODUCTS_DIR; };
		FBBB8B7D1A1ACE3B00E40A93 /* Info.plist */ = {isa = PBXFileReference; lastKnownFileType = text.plist.xml; path = Info.plist; sourceTree = "<group>"; };
		FBBB8B7E1A1ACE3B00E40A93 /* Popular_AppTests.m */ = {isa = PBXFileReference; lastKnownFileType = sourcecode.c.objc; path = Popular_AppTests.m; sourceTree = "<group>"; };
/* End PBXFileReference section */

/* Begin PBXFrameworksBuildPhase section */
		FBBB8B5C1A1ACE3B00E40A93 /* Frameworks */ = {
			isa = PBXFrameworksBuildPhase;
			buildActionMask = 2147483647;
			files = (
			);
			runOnlyForDeploymentPostprocessing = 0;
		};
		FBBB8B751A1ACE3B00E40A93 /* Frameworks */ = {
			isa = PBXFrameworksBuildPhase;
			buildActionMask = 2147483647;
			files = (
			);
			runOnlyForDeploymentPostprocessing = 0;
		};
/* End PBXFrameworksBuildPhase section */

/* Begin PBXGroup section */
		FBBB8B561A1ACE3B00E40A93 = {
			isa = PBXGroup;
			children = (
				FBBB8B611A1ACE3B00E40A93 /* Popular App */,
				FBBB8B7B1A1ACE3B00E40A93 /* Popular AppTests */,
				FBBB8B601A1ACE3B00E40A93 /* Products */,
			);
			sourceTree = "<group>";
		};
		FBBB8B601A1ACE3B00E40A93 /* Products */ = {
			isa = PBXGroup;
			children = (
				FBBB8B5F1A1ACE3B00E40A93 /* Popular App.app */,
				FBBB8B781A1ACE3B00E40A93 /* Popular AppTests.xctest */,
			);
			name = Products;
			sourceTree = "<group>";
		};
		FBBB8B611A1ACE3B00E40A93 /* Popular App */ = {
			isa = PBXGroup;
			children = (
				FBBB8B661A1ACE3B00E40A93 /* AppDelegate.h */,
				FBBB8B671A1ACE3B00E40A93 /* AppDelegate.m */,
				FBBB8B691A1ACE3B00E40A93 /* ViewController.h */,
				FBBB8B6A1A1ACE3B00E40A93 /* ViewController.m */,
				FBBB8B6C1A1ACE3B00E40A93 /* Main.storyboard */,
				FBBB8B6F1A1ACE3B00E40A93 /* Images.xcassets */,
				FBBB8B711A1ACE3B00E40A93 /* LaunchScreen.xib */,
				FBBB8B621A1ACE3B00E40A93 /* Supporting Files */,
			);
			path = "Popular App";
			sourceTree = "<group>";
		};
		FBBB8B621A1ACE3B00E40A93 /* Supporting Files */ = {
			isa = PBXGroup;
			children = (
				FBBB8B631A1ACE3B00E40A93 /* Info.plist */,
				FBBB8B641A1ACE3B00E40A93 /* main.m */,
			);
			name = "Supporting Files";
			sourceTree = "<group>";
		};
		FBBB8B7B1A1ACE3B00E40A93 /* Popular AppTests */ = {
			isa = PBXGroup;
			children = (
				FBBB8B7E1A1ACE3B00E40A93 /* Popular_AppTests.m */,
				FBBB8B7C1A1ACE3B00E40A93 /* Supporting Files */,
			);
			path = "Popular AppTests";
			sourceTree = "<group>";
		};
		FBBB8B7C1A1ACE3B00E40A93 /* Supporting Files */ = {
			isa = PBXGroup;
			children = (
				FBBB8B7D1A1ACE3B00E40A93 /* Info.plist */,
			);
			name = "Supporting Files";
			sourceTree = "<group>";
		};
/* End PBXGroup section */

/* Begin PBXNativeTarget section */
		FBBB8B5E1A1ACE3B00E40A93 /* Popular App */ = {
			isa = PBXNativeTarget;
			buildConfigurationList = FBBB8B821A1ACE3B00E40A93 /* Build configuration list for PBXNativeTarget "Popular App" */;
			buildPhases = (
				FBBB8B5B1A1ACE3B00E40A93 /* Sources */,
				FBBB8B5C1A1ACE3B00E40A93 /* Frameworks */,
				FBBB8B5D1A1ACE3B00E40A93 /* Resources */,
			);
			buildRules = (
			);
			dependencies = (
			);
			name = "Popular App";
			productName = "Popular App";
			productReference = FBBB8B5F1A1ACE3B00E40A93 /* Popular App.app */;
			productType = "com.apple.product-type.application";
		};
		FBBB8B771A1ACE3B00E40A93 /* Popular AppTests */ = {
			isa = PBXNativeTarget;
			buildConfigurationList = FBBB8B851A1ACE3B00E40A93 /* Build configuration list for PBXNativeTarget "Popular AppTests" */;
			buildPhases = (
				FBBB8B741A1ACE3B00E40A93 /* Sources */,
				FBBB8B751A1ACE3B00E40A93 /* Frameworks */,
				FBBB8B761A1ACE3B00E40A93 /* Resources */,
			);
			buildRules = (
			);
			dependencies = (
				FBBB8B7A1A1ACE3B00E40A93 /* PBXTargetDependency */,
			);
			name = "Popular AppTests";
			productName = "Popular AppTests";
			productReference = FBBB8B781A1ACE3B00E40A93 /* Popular AppTests.xctest */;
			productType = "com.apple.product-type.bundle.unit-test";
		};
/* End PBXNativeTarget section */

/* Begin PBXProject section */
		FBBB8B571A1ACE3B00E40A93 /* Project object */ = {
			isa = PBXProject;
			attributes = {
				LastUpgradeCheck = 0610;
				ORGANIZATIONNAME = "May Yang";
				TargetAttributes = {
					FBBB8B5E1A1ACE3B00E40A93 = {
						CreatedOnToolsVersion = 6.1;
					};
					FBBB8B771A1ACE3B00E40A93 = {
						CreatedOnToolsVersion = 6.1;
						TestTargetID = FBBB8B5E1A1ACE3B00E40A93;
					};
				};
			};
			buildConfigurationList = FBBB8B5A1A1ACE3B00E40A93 /* Build configuration list for PBXProject "Popular App" */;
			compatibilityVersion = "Xcode 3.2";
			developmentRegion = English;
			hasScannedForEncodings = 0;
			knownRegions = (
				en,
				Base,
			);
			mainGroup = FBBB8B561A1ACE3B00E40A93;
			productRefGroup = FBBB8B601A1ACE3B00E40A93 /* Products */;
			projectDirPath = "";
			projectRoot = "";
			targets = (
				FBBB8B5E1A1ACE3B00E40A93 /* Popular App */,
				FBBB8B771A1ACE3B00E40A93 /* Popular AppTests */,
			);
		};
/* End PBXProject section */

/* Begin PBXResourcesBuildPhase section */
		FBBB8B5D1A1ACE3B00E40A93 /* Resources */ = {
			isa = PBXResourcesBuildPhase;
			buildActionMask = 2147483647;
			files = (
				FBBB8B6E1A1ACE3B00E40A93 /* Main.storyboard in Resources */,
				FBBB8B731A1ACE3B00E40A93 /* LaunchScreen.xib in Resources */,
				FBBB8B701A1ACE3B00E40A93 /* Images.xcassets in Resources */,
			);
			runOnlyForDeploymentPostprocessing = 0;
		};
		FBBB8B761A1ACE3B00E40A93 /* Resources */ = {
			isa = PBXResourcesBuildPhase;
			buildActionMask = 2147483647;
			files = (
			);
			runOnlyForDeploymentPostprocessing = 0;
		};
/* End PBXResourcesBuildPhase section */

/* Begin PBXSourcesBuildPhase section */
		FBBB8B5B1A1ACE3B00E40A93 /* Sources */ = {
			isa = PBXSourcesBuildPhase;
			buildActionMask = 2147483647;
			files = (
				FBBB8B6B1A1ACE3B00E40A93 /* ViewController.m in Sources */,
				FBBB8B681A1ACE3B00E40A93 /* AppDelegate.m in Sources */,
				FBBB8B651A1ACE3B00E40A93 /* main.m in Sources */,
			);
			runOnlyForDeploymentPostprocessing = 0;
		};
		FBBB8B741A1ACE3B00E40A93 /* Sources */ = {
			isa = PBXSourcesBuildPhase;
			buildActionMask = 2147483647;
			files = (
				FBBB8B7F1A1ACE3B00E40A93 /* Popular_AppTests.m in Sources */,
			);
			runOnlyForDeploymentPostprocessing = 0;
		};
/* End PBXSourcesBuildPhase section */

/* Begin PBXTargetDependency section */
		FBBB8B7A1A1ACE3B00E40A93 /* PBXTargetDependency */ = {
			isa = PBXTargetDependency;
			target = FBBB8B5E1A1ACE3B00E40A93 /* Popular App */;
			targetProxy = FBBB8B791A1ACE3B00E40A93 /* PBXContainerItemProxy */;
		};
/* End PBXTargetDependency section */

/* Begin PBXVariantGroup section */
		FBBB8B6C1A1ACE3B00E40A93 /* Main.storyboard */ = {
			isa = PBXVariantGroup;
			children = (
				FBBB8B6D1A1ACE3B00E40A93 /* Base */,
			);
			name = Main.storyboard;
			sourceTree = "<group>";
		};
		FBBB8B711A1ACE3B00E40A93 /* LaunchScreen.xib */ = {
			isa = PBXVariantGroup;
			children = (
				FBBB8B721A1ACE3B00E40A93 /* Base */,
			);
			name = LaunchScreen.xib;
			sourceTree = "<group>";
		};
/* End PBXVariantGroup section */

/* Begin XCBuildConfiguration section */
		FBBB8B801A1ACE3B00E40A93 /* Debug */ = {
			isa = XCBuildConfiguration;
			buildSettings = {
				ALWAYS_SEARCH_USER_PATHS = NO;
				CLANG_CXX_LANGUAGE_STANDARD = "gnu++0x";
				CLANG_CXX_LIBRARY = "libc++";
				CLANG_ENABLE_MODULES = YES;
				CLANG_ENABLE_OBJC_ARC = YES;
				CLANG_WARN_BOOL_CONVERSION = YES;
				CLANG_WARN_CONSTANT_CONVERSION = YES;
				CLANG_WARN_DIRECT_OBJC_ISA_USAGE = YES_ERROR;
				CLANG_WARN_EMPTY_BODY = YES;
				CLANG_WARN_ENUM_CONVERSION = YES;
				CLANG_WARN_INT_CONVERSION = YES;
				CLANG_WARN_OBJC_ROOT_CLASS = YES_ERROR;
				CLANG_WARN_UNREACHABLE_CODE = YES;
				CLANG_WARN__DUPLICATE_METHOD_MATCH = YES;
				"CODE_SIGN_IDENTITY[sdk=iphoneos*]" = "iPhone Developer";
				COPY_PHASE_STRIP = NO;
				ENABLE_STRICT_OBJC_MSGSEND = YES;
				GCC_C_LANGUAGE_STANDARD = gnu99;
				GCC_DYNAMIC_NO_PIC = NO;
				GCC_OPTIMIZATION_LEVEL = 0;
				GCC_PREPROCESSOR_DEFINITIONS = (
					"DEBUG=1",
					"$(inherited)",
				);
				GCC_SYMBOLS_PRIVATE_EXTERN = NO;
				GCC_WARN_64_TO_32_BIT_CONVERSION = YES;
				GCC_WARN_ABOUT_RETURN_TYPE = YES_ERROR;
				GCC_WARN_UNDECLARED_SELECTOR = YES;
				GCC_WARN_UNINITIALIZED_AUTOS = YES_AGGRESSIVE;
				GCC_WARN_UNUSED_FUNCTION = YES;
				GCC_WARN_UNUSED_VARIABLE = YES;
				IPHONEOS_DEPLOYMENT_TARGET = 8.1;
				MTL_ENABLE_DEBUG_INFO = YES;
				ONLY_ACTIVE_ARCH = YES;
				SDKROOT = iphoneos;
			};
			name = Debug;
		};
		FBBB8B811A1ACE3B00E40A93 /* Release */ = {
			isa = XCBuildConfiguration;
			buildSettings = {
				ALWAYS_SEARCH_USER_PATHS = NO;
				CLANG_CXX_LANGUAGE_STANDARD = "gnu++0x";
				CLANG_CXX_LIBRARY = "libc++";
				CLANG_ENABLE_MODULES = YES;
				CLANG_ENABLE_OBJC_ARC = YES;
				CLANG_WARN_BOOL_CONVERSION = YES;
				CLANG_WARN_CONSTANT_CONVERSION = YES;
				CLANG_WARN_DIRECT_OBJC_ISA_USAGE = YES_ERROR;
				CLANG_WARN_EMPTY_BODY = YES;
				CLANG_WARN_ENUM_CONVERSION = YES;
				CLANG_WARN_INT_CONVERSION = YES;
				CLANG_WARN_OBJC_ROOT_CLASS = YES_ERROR;
				CLANG_WARN_UNREACHABLE_CODE = YES;
				CLANG_WARN__DUPLICATE_METHOD_MATCH = YES;
				"CODE_SIGN_IDENTITY[sdk=iphoneos*]" = "iPhone Developer";
				COPY_PHASE_STRIP = YES;
				ENABLE_NS_ASSERTIONS = NO;
				ENABLE_STRICT_OBJC_MSGSEND = YES;
				GCC_C_LANGUAGE_STANDARD = gnu99;
				GCC_WARN_64_TO_32_BIT_CONVERSION = YES;
				GCC_WARN_ABOUT_RETURN_TYPE = YES_ERROR;
				GCC_WARN_UNDECLARED_SELECTOR = YES;
				GCC_WARN_UNINITIALIZED_AUTOS = YES_AGGRESSIVE;
				GCC_WARN_UNUSED_FUNCTION = YES;
				GCC_WARN_UNUSED_VARIABLE = YES;
				IPHONEOS_DEPLOYMENT_TARGET = 8.1;
				MTL_ENABLE_DEBUG_INFO = NO;
				SDKROOT = iphoneos;
				VALIDATE_PRODUCT = YES;
			};
			name = Release;
		};
		FBBB8B831A1ACE3B00E40A93 /* Debug */ = {
			isa = XCBuildConfiguration;
			buildSettings = {
				ASSETCATALOG_COMPILER_APPICON_NAME = AppIcon;
				INFOPLIST_FILE = "Popular App/Info.plist";
				LD_RUNPATH_SEARCH_PATHS = "$(inherited) @executable_path/Frameworks";
				PRODUCT_NAME = "$(TARGET_NAME)";
			};
			name = Debug;
		};
		FBBB8B841A1ACE3B00E40A93 /* Release */ = {
			isa = XCBuildConfiguration;
			buildSettings = {
				ASSETCATALOG_COMPILER_APPICON_NAME = AppIcon;
				INFOPLIST_FILE = "Popular App/Info.plist";
				LD_RUNPATH_SEARCH_PATHS = "$(inherited) @executable_path/Frameworks";
				PRODUCT_NAME = "$(TARGET_NAME)";
			};
			name = Release;
		};
		FBBB8B861A1ACE3B00E40A93 /* Debug */ = {
			isa = XCBuildConfiguration;
			buildSettings = {
				BUNDLE_LOADER = "$(TEST_HOST)";
				FRAMEWORK_SEARCH_PATHS = (
					"$(SDKROOT)/Developer/Library/Frameworks",
					"$(inherited)",
				);
				GCC_PREPROCESSOR_DEFINITIONS = (
					"DEBUG=1",
					"$(inherited)",
				);
				INFOPLIST_FILE = "Popular AppTests/Info.plist";
				LD_RUNPATH_SEARCH_PATHS = "$(inherited) @executable_path/Frameworks @loader_path/Frameworks";
				PRODUCT_NAME = "$(TARGET_NAME)";
				TEST_HOST = "$(BUILT_PRODUCTS_DIR)/Popular App.app/Popular App";
			};
			name = Debug;
		};
		FBBB8B871A1ACE3B00E40A93 /* Release */ = {
			isa = XCBuildConfiguration;
			buildSettings = {
				BUNDLE_LOADER = "$(TEST_HOST)";
				FRAMEWORK_SEARCH_PATHS = (
					"$(SDKROOT)/Developer/Library/Frameworks",
					"$(inherited)",
				);
				INFOPLIST_FILE = "Popular AppTests/Info.plist";
				LD_RUNPATH_SEARCH_PATHS = "$(inherited) @executable_path/Frameworks @loader_path/Frameworks";
				PRODUCT_NAME = "$(TARGET_NAME)";
				TEST_HOST = "$(BUILT_PRODUCTS_DIR)/Popular App.app/Popular App";
			};
			name = Release;
		};
/* End XCBuildConfiguration section */

/* Begin XCConfigurationList section */
		FBBB8B5A1A1ACE3B00E40A93 /* Build configuration list for PBXProject "Popular App" */ = {
			isa = XCConfigurationList;
			buildConfigurations = (
				FBBB8B801A1ACE3B00E40A93 /* Debug */,
				FBBB8B811A1ACE3B00E40A93 /* Release */,
			);
			defaultConfigurationIsVisible = 0;
			defaultConfigurationName = Release;
		};
		FBBB8B821A1ACE3B00E40A93 /* Build configuration list for PBXNativeTarget "Popular App" */ = {
			isa = XCConfigurationList;
			buildConfigurations = (
				FBBB8B831A1ACE3B00E40A93 /* Debug */,
				FBBB8B841A1ACE3B00E40A93 /* Release */,
			);
			defaultConfigurationIsVisible = 0;
		};
		FBBB8B851A1ACE3B00E40A93 /* Build configuration list for PBXNativeTarget "Popular AppTests" */ = {
			isa = XCConfigurationList;
			buildConfigurations = (
				FBBB8B861A1ACE3B00E40A93 /* Debug */,
				FBBB8B871A1ACE3B00E40A93 /* Release */,
			);
			defaultConfigurationIsVisible = 0;
		};
/* End XCConfigurationList section */
	};
	rootObject = FBBB8B571A1ACE3B00E40A93 /* Project object */;
}
